
Microsoft Visual Studio Solution File, Format Version 12.00
# Visual Studio 2012
Project("{FAE04EC0-301F-11D3-BF4B-00C04F79EFBC}") = "PongApi", "PongApi\PongApi.csproj", "{FEDFF2DE-D6B9-4B1C-925C-818B80C4641B}"
EndProject
Global
	GlobalSection(SolutionConfigurationPlatforms) = preSolution
		Debug|Any CPU = Debug|Any CPU
		Release|Any CPU = Release|Any CPU
	EndGlobalSection
	GlobalSection(ProjectConfigurationPlatforms) = postSolution
		{FEDFF2DE-D6B9-4B1C-925C-818B80C4641B}.Debug|Any CPU.ActiveCfg = Debug|Any CPU
		{FEDFF2DE-D6B9-4B1C-925C-818B80C4641B}.Debug|Any CPU.Build.0 = Debug|Any CPU
		{FEDFF2DE-D6B9-4B1C-925C-818B80C4641B}.Release|Any CPU.ActiveCfg = Release|Any CPU
		{FEDFF2DE-D6B9-4B1C-925C-818B80C4641B}.Release|Any CPU.Build.0 = Release|Any CPU
	EndGlobalSection
EndGlobal
